// !$*UTF8*$!
{
	archiveVersion = 1;
	classes = {
	};
	objectVersion = 46;
	objects = {

/* Begin PBXBuildFile section */
		3A1238401A51AD9F0003D383 /* TrainingListController.swift in Sources */ = {isa = PBXBuildFile; fileRef = 3A12383F1A51AD9F0003D383 /* TrainingListController.swift */; };
		3A1238421A5288F00003D383 /* ExerciseController.swift in Sources */ = {isa = PBXBuildFile; fileRef = 3A1238411A5288F00003D383 /* ExerciseController.swift */; };
		3A1238661A5351CB0003D383 /* Exercise+Crud.swift in Sources */ = {isa = PBXBuildFile; fileRef = 3A1238631A5351CB0003D383 /* Exercise+Crud.swift */; };
		3A1238671A5351CB0003D383 /* Training+Crud.swift in Sources */ = {isa = PBXBuildFile; fileRef = 3A1238641A5351CB0003D383 /* Training+Crud.swift */; };
		3A1238681A5351CB0003D383 /* TrainingExercise+Crud.swift in Sources */ = {isa = PBXBuildFile; fileRef = 3A1238651A5351CB0003D383 /* TrainingExercise+Crud.swift */; };
		3A12386A1A5351D70003D383 /* TrainingExercise.swift in Sources */ = {isa = PBXBuildFile; fileRef = 3A1238691A5351D70003D383 /* TrainingExercise.swift */; };
		3A12386C1A5353230003D383 /* Exercises.sqlite in Resources */ = {isa = PBXBuildFile; fileRef = 3A12386B1A53530A0003D383 /* Exercises.sqlite */; };
		3A1238761A53DBD10003D383 /* ExerciseListController.swift in Sources */ = {isa = PBXBuildFile; fileRef = 3A1238751A53DBD10003D383 /* ExerciseListController.swift */; };
		3A2FECAF1A4EBFD1003F9533 /* AppDelegate.swift in Sources */ = {isa = PBXBuildFile; fileRef = 3A2FECAE1A4EBFD1003F9533 /* AppDelegate.swift */; };
		3A2FECB71A4EBFD1003F9533 /* Main.storyboard in Resources */ = {isa = PBXBuildFile; fileRef = 3A2FECB51A4EBFD1003F9533 /* Main.storyboard */; };
		3A2FECC81A4EBFD1003F9533 /* TrainingTests.swift in Sources */ = {isa = PBXBuildFile; fileRef = 3A2FECC71A4EBFD1003F9533 /* TrainingTests.swift */; };
		3A5D9D041A56B1E900DC1D97 /* InfoController.swift in Sources */ = {isa = PBXBuildFile; fileRef = 3A5D9D031A56B1E900DC1D97 /* InfoController.swift */; };
		3A5D9D061A56B8E600DC1D97 /* ContentController.swift in Sources */ = {isa = PBXBuildFile; fileRef = 3A5D9D051A56B8E600DC1D97 /* ContentController.swift */; };
		3A5D9D141A5869D200DC1D97 /* Exercise.swift in Sources */ = {isa = PBXBuildFile; fileRef = 3A5D9D131A5869D200DC1D97 /* Exercise.swift */; };
		3A5D9D181A5869E100DC1D97 /* String+Util.swift in Sources */ = {isa = PBXBuildFile; fileRef = 3A5D9D151A5869E100DC1D97 /* String+Util.swift */; };
		3A5D9D191A5869E100DC1D97 /* Variation.swift in Sources */ = {isa = PBXBuildFile; fileRef = 3A5D9D161A5869E100DC1D97 /* Variation.swift */; };
		3A5D9D1A1A5869E100DC1D97 /* Variation+Crud.swift in Sources */ = {isa = PBXBuildFile; fileRef = 3A5D9D171A5869E100DC1D97 /* Variation+Crud.swift */; };
		3A68271B1A501071006E3BFB /* TableCell.xib in Resources */ = {isa = PBXBuildFile; fileRef = 3A6827191A501071006E3BFB /* TableCell.xib */; };
		3ADF0A911A507149007B5C32 /* TrainingController.swift in Sources */ = {isa = PBXBuildFile; fileRef = 3ADF0A901A507149007B5C32 /* TrainingController.swift */; };
		3ADF0A951A5071CF007B5C32 /* BaseController.swift in Sources */ = {isa = PBXBuildFile; fileRef = 3ADF0A941A5071CF007B5C32 /* BaseController.swift */; };
		3ADF0AAA1A5160C7007B5C32 /* Exercises.xcdatamodeld in Sources */ = {isa = PBXBuildFile; fileRef = 3ADF0AA61A5160C7007B5C32 /* Exercises.xcdatamodeld */; };
		3ADF0AAB1A5160C7007B5C32 /* Training.swift in Sources */ = {isa = PBXBuildFile; fileRef = 3ADF0AA81A5160C7007B5C32 /* Training.swift */; };
		3AE91FFE1A55753600F8BAB4 /* Images.xcassets in Resources */ = {isa = PBXBuildFile; fileRef = 3AE91FFD1A55753600F8BAB4 /* Images.xcassets */; };
		3AE920071A558CEA00F8BAB4 /* Category.swift in Sources */ = {isa = PBXBuildFile; fileRef = 3AE920051A558CEA00F8BAB4 /* Category.swift */; };
		3AE920081A558CEA00F8BAB4 /* Category+Crud.swift in Sources */ = {isa = PBXBuildFile; fileRef = 3AE920061A558CEA00F8BAB4 /* Category+Crud.swift */; };
/* End PBXBuildFile section */

/* Begin PBXContainerItemProxy section */
		3A2FECC21A4EBFD1003F9533 /* PBXContainerItemProxy */ = {
			isa = PBXContainerItemProxy;
			containerPortal = 3A2FECA11A4EBFD1003F9533 /* Project object */;
			proxyType = 1;
			remoteGlobalIDString = 3A2FECA81A4EBFD1003F9533;
			remoteInfo = Training;
		};
/* End PBXContainerItemProxy section */

/* Begin PBXFileReference section */
		3A12383F1A51AD9F0003D383 /* TrainingListController.swift */ = {isa = PBXFileReference; fileEncoding = 4; lastKnownFileType = sourcecode.swift; path = TrainingListController.swift; sourceTree = "<group>"; };
		3A1238411A5288F00003D383 /* ExerciseController.swift */ = {isa = PBXFileReference; fileEncoding = 4; lastKnownFileType = sourcecode.swift; path = ExerciseController.swift; sourceTree = "<group>"; };
		3A1238631A5351CB0003D383 /* Exercise+Crud.swift */ = {isa = PBXFileReference; fileEncoding = 4; lastKnownFileType = sourcecode.swift; name = "Exercise+Crud.swift"; path = "../../../swift/loadexercises/loadexercises/Exercise+Crud.swift"; sourceTree = "<group>"; };
		3A1238641A5351CB0003D383 /* Training+Crud.swift */ = {isa = PBXFileReference; fileEncoding = 4; lastKnownFileType = sourcecode.swift; name = "Training+Crud.swift"; path = "../../../swift/loadexercises/loadexercises/Training+Crud.swift"; sourceTree = "<group>"; };
		3A1238651A5351CB0003D383 /* TrainingExercise+Crud.swift */ = {isa = PBXFileReference; fileEncoding = 4; lastKnownFileType = sourcecode.swift; name = "TrainingExercise+Crud.swift"; path = "../../../swift/loadexercises/loadexercises/TrainingExercise+Crud.swift"; sourceTree = "<group>"; };
		3A1238691A5351D70003D383 /* TrainingExercise.swift */ = {isa = PBXFileReference; fileEncoding = 4; lastKnownFileType = sourcecode.swift; name = TrainingExercise.swift; path = ../../../swift/loadexercises/loadexercises/TrainingExercise.swift; sourceTree = "<group>"; };
		3A12386B1A53530A0003D383 /* Exercises.sqlite */ = {isa = PBXFileReference; lastKnownFileType = file; path = Exercises.sqlite; sourceTree = "<group>"; };
		3A1238751A53DBD10003D383 /* ExerciseListController.swift */ = {isa = PBXFileReference; fileEncoding = 4; lastKnownFileType = sourcecode.swift; path = ExerciseListController.swift; sourceTree = "<group>"; };
		3A2FECA91A4EBFD1003F9533 /* Training.app */ = {isa = PBXFileReference; explicitFileType = wrapper.application; includeInIndex = 0; path = Training.app; sourceTree = BUILT_PRODUCTS_DIR; };
		3A2FECAD1A4EBFD1003F9533 /* Info.plist */ = {isa = PBXFileReference; lastKnownFileType = text.plist.xml; path = Info.plist; sourceTree = "<group>"; };
		3A2FECAE1A4EBFD1003F9533 /* AppDelegate.swift */ = {isa = PBXFileReference; lastKnownFileType = sourcecode.swift; path = AppDelegate.swift; sourceTree = "<group>"; };
		3A2FECB61A4EBFD1003F9533 /* Base */ = {isa = PBXFileReference; lastKnownFileType = file.storyboard; name = Base; path = Base.lproj/Main.storyboard; sourceTree = "<group>"; };
		3A2FECC11A4EBFD1003F9533 /* TrainingTests.xctest */ = {isa = PBXFileReference; explicitFileType = wrapper.cfbundle; includeInIndex = 0; path = TrainingTests.xctest; sourceTree = BUILT_PRODUCTS_DIR; };
		3A2FECC61A4EBFD1003F9533 /* Info.plist */ = {isa = PBXFileReference; lastKnownFileType = text.plist.xml; path = Info.plist; sourceTree = "<group>"; };
		3A2FECC71A4EBFD1003F9533 /* TrainingTests.swift */ = {isa = PBXFileReference; lastKnownFileType = sourcecode.swift; path = TrainingTests.swift; sourceTree = "<group>"; };
		3A5D9D031A56B1E900DC1D97 /* InfoController.swift */ = {isa = PBXFileReference; fileEncoding = 4; lastKnownFileType = sourcecode.swift; path = InfoController.swift; sourceTree = "<group>"; };
		3A5D9D051A56B8E600DC1D97 /* ContentController.swift */ = {isa = PBXFileReference; fileEncoding = 4; lastKnownFileType = sourcecode.swift; path = ContentController.swift; sourceTree = "<group>"; };
		3A5D9D131A5869D200DC1D97 /* Exercise.swift */ = {isa = PBXFileReference; fileEncoding = 4; lastKnownFileType = sourcecode.swift; name = Exercise.swift; path = ../../../swift/loadexercises/loadexercises/Exercise.swift; sourceTree = "<group>"; };
		3A5D9D151A5869E100DC1D97 /* String+Util.swift */ = {isa = PBXFileReference; fileEncoding = 4; lastKnownFileType = sourcecode.swift; name = "String+Util.swift"; path = "../../../swift/loadexercises/loadexercises/String+Util.swift"; sourceTree = "<group>"; };
		3A5D9D161A5869E100DC1D97 /* Variation.swift */ = {isa = PBXFileReference; fileEncoding = 4; lastKnownFileType = sourcecode.swift; name = Variation.swift; path = ../../../swift/loadexercises/loadexercises/Variation.swift; sourceTree = "<group>"; };
		3A5D9D171A5869E100DC1D97 /* Variation+Crud.swift */ = {isa = PBXFileReference; fileEncoding = 4; lastKnownFileType = sourcecode.swift; name = "Variation+Crud.swift"; path = "../../../swift/loadexercises/loadexercises/Variation+Crud.swift"; sourceTree = "<group>"; };
		3A68271A1A501071006E3BFB /* Base */ = {isa = PBXFileReference; lastKnownFileType = file.xib; name = Base; path = Base.lproj/TableCell.xib; sourceTree = "<group>"; };
		3ADF0A901A507149007B5C32 /* TrainingController.swift */ = {isa = PBXFileReference; fileEncoding = 4; lastKnownFileType = sourcecode.swift; path = TrainingController.swift; sourceTree = "<group>"; };
		3ADF0A941A5071CF007B5C32 /* BaseController.swift */ = {isa = PBXFileReference; fileEncoding = 4; lastKnownFileType = sourcecode.swift; path = BaseController.swift; sourceTree = "<group>"; };
		3ADF0AA71A5160C7007B5C32 /* loadexercises.xcdatamodel */ = {isa = PBXFileReference; lastKnownFileType = wrapper.xcdatamodel; path = loadexercises.xcdatamodel; sourceTree = "<group>"; };
		3ADF0AA81A5160C7007B5C32 /* Training.swift */ = {isa = PBXFileReference; fileEncoding = 4; lastKnownFileType = sourcecode.swift; name = Training.swift; path = ../../../swift/loadexercises/loadexercises/Training.swift; sourceTree = "<group>"; };
		3AE91FFD1A55753600F8BAB4 /* Images.xcassets */ = {isa = PBXFileReference; lastKnownFileType = folder.assetcatalog; path = Images.xcassets; sourceTree = "<group>"; };
		3AE920051A558CEA00F8BAB4 /* Category.swift */ = {isa = PBXFileReference; fileEncoding = 4; lastKnownFileType = sourcecode.swift; name = Category.swift; path = ../../../swift/loadexercises/loadexercises/Category.swift; sourceTree = "<group>"; };
		3AE920061A558CEA00F8BAB4 /* Category+Crud.swift */ = {isa = PBXFileReference; fileEncoding = 4; lastKnownFileType = sourcecode.swift; name = "Category+Crud.swift"; path = "../../../swift/loadexercises/loadexercises/Category+Crud.swift"; sourceTree = "<group>"; };
/* End PBXFileReference section */

/* Begin PBXFrameworksBuildPhase section */
		3A2FECA61A4EBFD1003F9533 /* Frameworks */ = {
			isa = PBXFrameworksBuildPhase;
			buildActionMask = 2147483647;
			files = (
			);
			runOnlyForDeploymentPostprocessing = 0;
		};
		3A2FECBE1A4EBFD1003F9533 /* Frameworks */ = {
			isa = PBXFrameworksBuildPhase;
			buildActionMask = 2147483647;
			files = (
			);
			runOnlyForDeploymentPostprocessing = 0;
		};
/* End PBXFrameworksBuildPhase section */

/* Begin PBXGroup section */
		3A2FECA01A4EBFD1003F9533 = {
			isa = PBXGroup;
			children = (
				3A2FECAB1A4EBFD1003F9533 /* Training */,
				3A2FECC41A4EBFD1003F9533 /* TrainingTests */,
				3A2FECAA1A4EBFD1003F9533 /* Products */,
			);
			sourceTree = "<group>";
		};
		3A2FECAA1A4EBFD1003F9533 /* Products */ = {
			isa = PBXGroup;
			children = (
				3A2FECA91A4EBFD1003F9533 /* Training.app */,
				3A2FECC11A4EBFD1003F9533 /* TrainingTests.xctest */,
			);
			name = Products;
			sourceTree = "<group>";
		};
		3A2FECAB1A4EBFD1003F9533 /* Training */ = {
			isa = PBXGroup;
			children = (
				3A12386B1A53530A0003D383 /* Exercises.sqlite */,
				3ADF0AA61A5160C7007B5C32 /* Exercises.xcdatamodeld */,
				3A5D9D151A5869E100DC1D97 /* String+Util.swift */,
				3AE920051A558CEA00F8BAB4 /* Category.swift */,
				3AE920061A558CEA00F8BAB4 /* Category+Crud.swift */,
				3A5D9D131A5869D200DC1D97 /* Exercise.swift */,
				3A1238631A5351CB0003D383 /* Exercise+Crud.swift */,
				3A1238411A5288F00003D383 /* ExerciseController.swift */,
				3A1238751A53DBD10003D383 /* ExerciseListController.swift */,
				3ADF0AA81A5160C7007B5C32 /* Training.swift */,
				3A1238641A5351CB0003D383 /* Training+Crud.swift */,
				3A1238691A5351D70003D383 /* TrainingExercise.swift */,
				3A1238651A5351CB0003D383 /* TrainingExercise+Crud.swift */,
				3ADF0A901A507149007B5C32 /* TrainingController.swift */,
				3A12383F1A51AD9F0003D383 /* TrainingListController.swift */,
				3A5D9D161A5869E100DC1D97 /* Variation.swift */,
				3A5D9D171A5869E100DC1D97 /* Variation+Crud.swift */,
				3A2FECAE1A4EBFD1003F9533 /* AppDelegate.swift */,
				3ADF0A941A5071CF007B5C32 /* BaseController.swift */,
				3A5D9D051A56B8E600DC1D97 /* ContentController.swift */,
				3A5D9D031A56B1E900DC1D97 /* InfoController.swift */,
				3AE91FFD1A55753600F8BAB4 /* Images.xcassets */,
				3A2FECB51A4EBFD1003F9533 /* Main.storyboard */,
				3A2FECAC1A4EBFD1003F9533 /* Supporting Files */,
			);
			path = Training;
			sourceTree = "<group>";
		};
		3A2FECAC1A4EBFD1003F9533 /* Supporting Files */ = {
			isa = PBXGroup;
			children = (
				3A6827191A501071006E3BFB /* TableCell.xib */,
				3A2FECAD1A4EBFD1003F9533 /* Info.plist */,
			);
			name = "Supporting Files";
			sourceTree = "<group>";
		};
		3A2FECC41A4EBFD1003F9533 /* TrainingTests */ = {
			isa = PBXGroup;
			children = (
				3A2FECC71A4EBFD1003F9533 /* TrainingTests.swift */,
				3A2FECC51A4EBFD1003F9533 /* Supporting Files */,
			);
			path = TrainingTests;
			sourceTree = "<group>";
		};
		3A2FECC51A4EBFD1003F9533 /* Supporting Files */ = {
			isa = PBXGroup;
			children = (
				3A2FECC61A4EBFD1003F9533 /* Info.plist */,
			);
			name = "Supporting Files";
			sourceTree = "<group>";
		};
/* End PBXGroup section */

/* Begin PBXNativeTarget section */
		3A2FECA81A4EBFD1003F9533 /* Training */ = {
			isa = PBXNativeTarget;
			buildConfigurationList = 3A2FECCB1A4EBFD1003F9533 /* Build configuration list for PBXNativeTarget "Training" */;
			buildPhases = (
				3A2FECA51A4EBFD1003F9533 /* Sources */,
				3A2FECA61A4EBFD1003F9533 /* Frameworks */,
				3A2FECA71A4EBFD1003F9533 /* Resources */,
			);
			buildRules = (
			);
			dependencies = (
			);
			name = Training;
			productName = Training;
			productReference = 3A2FECA91A4EBFD1003F9533 /* Training.app */;
			productType = "com.apple.product-type.application";
		};
		3A2FECC01A4EBFD1003F9533 /* TrainingTests */ = {
			isa = PBXNativeTarget;
			buildConfigurationList = 3A2FECCE1A4EBFD1003F9533 /* Build configuration list for PBXNativeTarget "TrainingTests" */;
			buildPhases = (
				3A2FECBD1A4EBFD1003F9533 /* Sources */,
				3A2FECBE1A4EBFD1003F9533 /* Frameworks */,
				3A2FECBF1A4EBFD1003F9533 /* Resources */,
			);
			buildRules = (
			);
			dependencies = (
				3A2FECC31A4EBFD1003F9533 /* PBXTargetDependency */,
			);
			name = TrainingTests;
			productName = TrainingTests;
			productReference = 3A2FECC11A4EBFD1003F9533 /* TrainingTests.xctest */;
			productType = "com.apple.product-type.bundle.unit-test";
		};
/* End PBXNativeTarget section */

/* Begin PBXProject section */
		3A2FECA11A4EBFD1003F9533 /* Project object */ = {
			isa = PBXProject;
			attributes = {
				LastUpgradeCheck = 0610;
				ORGANIZATIONNAME = Blijdorp;
				TargetAttributes = {
					3A2FECA81A4EBFD1003F9533 = {
						CreatedOnToolsVersion = 6.1.1;
						DevelopmentTeam = EBA2J277UX;
					};
					3A2FECC01A4EBFD1003F9533 = {
						CreatedOnToolsVersion = 6.1.1;
						TestTargetID = 3A2FECA81A4EBFD1003F9533;
					};
				};
			};
			buildConfigurationList = 3A2FECA41A4EBFD1003F9533 /* Build configuration list for PBXProject "Training" */;
			compatibilityVersion = "Xcode 3.2";
			developmentRegion = English;
			hasScannedForEncodings = 0;
			knownRegions = (
				en,
				Base,
			);
			mainGroup = 3A2FECA01A4EBFD1003F9533;
			productRefGroup = 3A2FECAA1A4EBFD1003F9533 /* Products */;
			projectDirPath = "";
			projectRoot = "";
			targets = (
				3A2FECA81A4EBFD1003F9533 /* Training */,
				3A2FECC01A4EBFD1003F9533 /* TrainingTests */,
			);
		};
/* End PBXProject section */

/* Begin PBXResourcesBuildPhase section */
		3A2FECA71A4EBFD1003F9533 /* Resources */ = {
			isa = PBXResourcesBuildPhase;
			buildActionMask = 2147483647;
			files = (
				3A12386C1A5353230003D383 /* Exercises.sqlite in Resources */,
				3AE91FFE1A55753600F8BAB4 /* Images.xcassets in Resources */,
				3A2FECB71A4EBFD1003F9533 /* Main.storyboard in Resources */,
				3A68271B1A501071006E3BFB /* TableCell.xib in Resources */,
			);
			runOnlyForDeploymentPostprocessing = 0;
		};
		3A2FECBF1A4EBFD1003F9533 /* Resources */ = {
			isa = PBXResourcesBuildPhase;
			buildActionMask = 2147483647;
			files = (
			);
			runOnlyForDeploymentPostprocessing = 0;
		};
/* End PBXResourcesBuildPhase section */

/* Begin PBXSourcesBuildPhase section */
		3A2FECA51A4EBFD1003F9533 /* Sources */ = {
			isa = PBXSourcesBuildPhase;
			buildActionMask = 2147483647;
			files = (
				3ADF0A951A5071CF007B5C32 /* BaseController.swift in Sources */,
				3ADF0A911A507149007B5C32 /* TrainingController.swift in Sources */,
				3A1238671A5351CB0003D383 /* Training+Crud.swift in Sources */,
				3A5D9D141A5869D200DC1D97 /* Exercise.swift in Sources */,
				3A1238681A5351CB0003D383 /* TrainingExercise+Crud.swift in Sources */,
				3A1238661A5351CB0003D383 /* Exercise+Crud.swift in Sources */,
				3A5D9D061A56B8E600DC1D97 /* ContentController.swift in Sources */,
				3ADF0AAA1A5160C7007B5C32 /* Exercises.xcdatamodeld in Sources */,
				3ADF0AAB1A5160C7007B5C32 /* Training.swift in Sources */,
				3A1238401A51AD9F0003D383 /* TrainingListController.swift in Sources */,
				3A5D9D191A5869E100DC1D97 /* Variation.swift in Sources */,
				3A1238761A53DBD10003D383 /* ExerciseListController.swift in Sources */,
				3AE920081A558CEA00F8BAB4 /* Category+Crud.swift in Sources */,
				3A5D9D181A5869E100DC1D97 /* String+Util.swift in Sources */,
				3A1238421A5288F00003D383 /* ExerciseController.swift in Sources */,
				3A12386A1A5351D70003D383 /* TrainingExercise.swift in Sources */,
				3A2FECAF1A4EBFD1003F9533 /* AppDelegate.swift in Sources */,
				3A5D9D1A1A5869E100DC1D97 /* Variation+Crud.swift in Sources */,
				3AE920071A558CEA00F8BAB4 /* Category.swift in Sources */,
				3A5D9D041A56B1E900DC1D97 /* InfoController.swift in Sources */,
			);
			runOnlyForDeploymentPostprocessing = 0;
		};
		3A2FECBD1A4EBFD1003F9533 /* Sources */ = {
			isa = PBXSourcesBuildPhase;
			buildActionMask = 2147483647;
			files = (
				3A2FECC81A4EBFD1003F9533 /* TrainingTests.swift in Sources */,
			);
			runOnlyForDeploymentPostprocessing = 0;
		};
/* End PBXSourcesBuildPhase section */

/* Begin PBXTargetDependency section */
		3A2FECC31A4EBFD1003F9533 /* PBXTargetDependency */ = {
			isa = PBXTargetDependency;
			target = 3A2FECA81A4EBFD1003F9533 /* Training */;
			targetProxy = 3A2FECC21A4EBFD1003F9533 /* PBXContainerItemProxy */;
		};
/* End PBXTargetDependency section */

/* Begin PBXVariantGroup section */
		3A2FECB51A4EBFD1003F9533 /* Main.storyboard */ = {
			isa = PBXVariantGroup;
			children = (
				3A2FECB61A4EBFD1003F9533 /* Base */,
			);
			name = Main.storyboard;
			sourceTree = "<group>";
		};
		3A6827191A501071006E3BFB /* TableCell.xib */ = {
			isa = PBXVariantGroup;
			children = (
				3A68271A1A501071006E3BFB /* Base */,
			);
			name = TableCell.xib;
			sourceTree = "<group>";
		};
/* End PBXVariantGroup section */

/* Begin XCBuildConfiguration section */
		3A2FECC91A4EBFD1003F9533 /* Debug */ = {
			isa = XCBuildConfiguration;
			buildSettings = {
				ALWAYS_SEARCH_USER_PATHS = NO;
				CLANG_CXX_LANGUAGE_STANDARD = "gnu++0x";
				CLANG_CXX_LIBRARY = "libc++";
				CLANG_ENABLE_MODULES = YES;
				CLANG_ENABLE_OBJC_ARC = YES;
				CLANG_WARN_BOOL_CONVERSION = YES;
				CLANG_WARN_CONSTANT_CONVERSION = YES;
				CLANG_WARN_DIRECT_OBJC_ISA_USAGE = YES_ERROR;
				CLANG_WARN_EMPTY_BODY = YES;
				CLANG_WARN_ENUM_CONVERSION = YES;
				CLANG_WARN_INT_CONVERSION = YES;
				CLANG_WARN_OBJC_ROOT_CLASS = YES_ERROR;
				CLANG_WARN_UNREACHABLE_CODE = YES;
				CLANG_WARN__DUPLICATE_METHOD_MATCH = YES;
				"CODE_SIGN_IDENTITY[sdk=iphoneos*]" = "iPhone Developer";
				COPY_PHASE_STRIP = NO;
				ENABLE_STRICT_OBJC_MSGSEND = YES;
				GCC_C_LANGUAGE_STANDARD = gnu99;
				GCC_DYNAMIC_NO_PIC = NO;
				GCC_OPTIMIZATION_LEVEL = 0;
				GCC_PREPROCESSOR_DEFINITIONS = (
					"DEBUG=1",
					"$(inherited)",
				);
				GCC_SYMBOLS_PRIVATE_EXTERN = NO;
				GCC_WARN_64_TO_32_BIT_CONVERSION = YES;
				GCC_WARN_ABOUT_RETURN_TYPE = YES_ERROR;
				GCC_WARN_UNDECLARED_SELECTOR = YES;
				GCC_WARN_UNINITIALIZED_AUTOS = YES_AGGRESSIVE;
				GCC_WARN_UNUSED_FUNCTION = YES;
				GCC_WARN_UNUSED_VARIABLE = YES;
				IPHONEOS_DEPLOYMENT_TARGET = 8.1;
				MTL_ENABLE_DEBUG_INFO = YES;
				ONLY_ACTIVE_ARCH = YES;
				SDKROOT = iphoneos;
				SWIFT_OPTIMIZATION_LEVEL = "-Onone";
			};
			name = Debug;
		};
		3A2FECCA1A4EBFD1003F9533 /* Release */ = {
			isa = XCBuildConfiguration;
			buildSettings = {
				ALWAYS_SEARCH_USER_PATHS = NO;
				CLANG_CXX_LANGUAGE_STANDARD = "gnu++0x";
				CLANG_CXX_LIBRARY = "libc++";
				CLANG_ENABLE_MODULES = YES;
				CLANG_ENABLE_OBJC_ARC = YES;
				CLANG_WARN_BOOL_CONVERSION = YES;
				CLANG_WARN_CONSTANT_CONVERSION = YES;
				CLANG_WARN_DIRECT_OBJC_ISA_USAGE = YES_ERROR;
				CLANG_WARN_EMPTY_BODY = YES;
				CLANG_WARN_ENUM_CONVERSION = YES;
				CLANG_WARN_INT_CONVERSION = YES;
				CLANG_WARN_OBJC_ROOT_CLASS = YES_ERROR;
				CLANG_WARN_UNREACHABLE_CODE = YES;
				CLANG_WARN__DUPLICATE_METHOD_MATCH = YES;
				"CODE_SIGN_IDENTITY[sdk=iphoneos*]" = "iPhone Developer";
				COPY_PHASE_STRIP = YES;
				ENABLE_NS_ASSERTIONS = NO;
				ENABLE_STRICT_OBJC_MSGSEND = YES;
				GCC_C_LANGUAGE_STANDARD = gnu99;
				GCC_WARN_64_TO_32_BIT_CONVERSION = YES;
				GCC_WARN_ABOUT_RETURN_TYPE = YES_ERROR;
				GCC_WARN_UNDECLARED_SELECTOR = YES;
				GCC_WARN_UNINITIALIZED_AUTOS = YES_AGGRESSIVE;
				GCC_WARN_UNUSED_FUNCTION = YES;
				GCC_WARN_UNUSED_VARIABLE = YES;
				IPHONEOS_DEPLOYMENT_TARGET = 8.1;
				MTL_ENABLE_DEBUG_INFO = NO;
				SDKROOT = iphoneos;
				VALIDATE_PRODUCT = YES;
			};
			name = Release;
		};
		3A2FECCC1A4EBFD1003F9533 /* Debug */ = {
			isa = XCBuildConfiguration;
			buildSettings = {
				ASSETCATALOG_COMPILER_APPICON_NAME = AppIcon;
				INFOPLIST_FILE = Training/Info.plist;
				LD_RUNPATH_SEARCH_PATHS = "$(inherited) @executable_path/Frameworks";
				MOMC_NO_INVERSE_RELATIONSHIP_WARNINGS = YES;
				PRODUCT_NAME = "$(TARGET_NAME)";
			};
			name = Debug;
		};
		3A2FECCD1A4EBFD1003F9533 /* Release */ = {
			isa = XCBuildConfiguration;
			buildSettings = {
				ASSETCATALOG_COMPILER_APPICON_NAME = AppIcon;
				INFOPLIST_FILE = Training/Info.plist;
				LD_RUNPATH_SEARCH_PATHS = "$(inherited) @executable_path/Frameworks";
				MOMC_NO_INVERSE_RELATIONSHIP_WARNINGS = YES;
				PRODUCT_NAME = "$(TARGET_NAME)";
			};
			name = Release;
		};
		3A2FECCF1A4EBFD1003F9533 /* Debug */ = {
			isa = XCBuildConfiguration;
			buildSettings = {
				BUNDLE_LOADER = "$(TEST_HOST)";
				FRAMEWORK_SEARCH_PATHS = (
					"$(SDKROOT)/Developer/Library/Frameworks",
					"$(inherited)",
				);
				GCC_PREPROCESSOR_DEFINITIONS = (
					"DEBUG=1",
					"$(inherited)",
				);
				INFOPLIST_FILE = TrainingTests/Info.plist;
				LD_RUNPATH_SEARCH_PATHS = "$(inherited) @executable_path/Frameworks @loader_path/Frameworks";
				PRODUCT_NAME = "$(TARGET_NAME)";
				TEST_HOST = "$(BUILT_PRODUCTS_DIR)/Training.app/Training";
			};
			name = Debug;
		};
		3A2FECD01A4EBFD1003F9533 /* Release */ = {
			isa = XCBuildConfiguration;
			buildSettings = {
				BUNDLE_LOADER = "$(TEST_HOST)";
				FRAMEWORK_SEARCH_PATHS = (
					"$(SDKROOT)/Developer/Library/Frameworks",
					"$(inherited)",
				);
				INFOPLIST_FILE = TrainingTests/Info.plist;
				LD_RUNPATH_SEARCH_PATHS = "$(inherited) @executable_path/Frameworks @loader_path/Frameworks";
				PRODUCT_NAME = "$(TARGET_NAME)";
				TEST_HOST = "$(BUILT_PRODUCTS_DIR)/Training.app/Training";
			};
			name = Release;
		};
/* End XCBuildConfiguration section */

/* Begin XCConfigurationList section */
		3A2FECA41A4EBFD1003F9533 /* Build configuration list for PBXProject "Training" */ = {
			isa = XCConfigurationList;
			buildConfigurations = (
				3A2FECC91A4EBFD1003F9533 /* Debug */,
				3A2FECCA1A4EBFD1003F9533 /* Release */,
			);
			defaultConfigurationIsVisible = 0;
			defaultConfigurationName = Release;
		};
		3A2FECCB1A4EBFD1003F9533 /* Build configuration list for PBXNativeTarget "Training" */ = {
			isa = XCConfigurationList;
			buildConfigurations = (
				3A2FECCC1A4EBFD1003F9533 /* Debug */,
				3A2FECCD1A4EBFD1003F9533 /* Release */,
			);
			defaultConfigurationIsVisible = 0;
			defaultConfigurationName = Release;
		};
		3A2FECCE1A4EBFD1003F9533 /* Build configuration list for PBXNativeTarget "TrainingTests" */ = {
			isa = XCConfigurationList;
			buildConfigurations = (
				3A2FECCF1A4EBFD1003F9533 /* Debug */,
				3A2FECD01A4EBFD1003F9533 /* Release */,
			);
			defaultConfigurationIsVisible = 0;
			defaultConfigurationName = Release;
		};
/* End XCConfigurationList section */

/* Begin XCVersionGroup section */
		3ADF0AA61A5160C7007B5C32 /* Exercises.xcdatamodeld */ = {
			isa = XCVersionGroup;
			children = (
				3ADF0AA71A5160C7007B5C32 /* loadexercises.xcdatamodel */,
			);
			currentVersion = 3ADF0AA71A5160C7007B5C32 /* loadexercises.xcdatamodel */;
			name = Exercises.xcdatamodeld;
			path = ../../../swift/loadexercises/loadexercises/Exercises.xcdatamodeld;
			sourceTree = "<group>";
			versionGroupType = wrapper.xcdatamodel;
		};
/* End XCVersionGroup section */
	};
	rootObject = 3A2FECA11A4EBFD1003F9533 /* Project object */;
}
